
Microsoft Visual Studio Solution File, Format Version 12.00
# Visual Studio Version 17
VisualStudioVersion = 17.4.33403.182
MinimumVisualStudioVersion = 10.0.40219.1
Project("{FAE04EC0-301F-11D3-BF4B-00C04F79EFBC}") = "AzureFunctionsStatusCodes", "AzureFunctionsStatusCodes.csproj", "{8E756748-A4B3-48D3-9305-2E57B6AF9E02}"
EndProject
Global
	GlobalSection(SolutionConfigurationPlatforms) = preSolution
		Debug|Any CPU = Debug|Any CPU
		Release|Any CPU = Release|Any CPU
	EndGlobalSection
	GlobalSection(ProjectConfigurationPlatforms) = postSolution
		{8E756748-A4B3-48D3-9305-2E57B6AF9E02}.Debug|Any CPU.ActiveCfg = Debug|Any CPU
		{8E756748-A4B3-48D3-9305-2E57B6AF9E02}.Debug|Any CPU.Build.0 = Debug|Any CPU
		{8E756748-A4B3-48D3-9305-2E57B6AF9E02}.Release|Any CPU.ActiveCfg = Release|Any CPU
		{8E756748-A4B3-48D3-9305-2E57B6AF9E02}.Release|Any CPU.Build.0 = Release|Any CPU
	EndGlobalSection
	GlobalSection(SolutionProperties) = preSolution
		HideSolutionNode = FALSE
	EndGlobalSection
	GlobalSection(ExtensibilityGlobals) = postSolution
		SolutionGuid = {37F9FC17-9378-4462-B3A1-194FA39B36FB}
	EndGlobalSection
EndGlobal
